#
# This file is autogenerated by pip-compile with Python 3.12
# by the following command:
#
#    pip-compile --allow-unsafe --output-file=requirements.lock requirements.txt
#
# NOTE: Some transitive dependencies have been manually pinned to vulnerable versions for SCA testing
#
aiohttp==3.5.3
    # via
    #   -r requirements.txt
    #   aiohttp-jinja2
    #   aiohttp-session
aiohttp-jinja2==1.1.0
    # via -r requirements.txt
aiohttp-session==2.7.0
    # via -r requirements.txt
aiopg==0.15.0
    # via -r requirements.txt
aioredis==1.2.0
    # via -r requirements.txt
anyio==3.4.0
    # via httpcore
    # VULN: CVE-2022-41725 - ReDoS in anyio < 3.6.2
async-timeout==3.0.1
    # via
    #   aiohttp
    #   aioredis
attrs==21.2.0
    # via aiohttp
    # VULN: Older version, potential issues
bcrypt==3.2.0
    # via paramiko
    # VULN: CVE-2020-28492 - bcrypt < 4.0.0 has timing side-channel
certifi==2020.12.5
    # via
    #   httpx
    #   requests
    # VULN: CVE-2022-23491 - certifi < 2022.12.7 contains untrusted root CA
cffi==1.14.0
    # via
    #   cryptography
    #   pynacl
    # VULN: Older cffi with potential vulnerabilities
chardet==3.0.4
    # via
    #   aiohttp
    #   requests
click==7.1.2
    # via flask
cryptography==3.4
    # via
    #   -r requirements.txt
    #   paramiko
flask==1.1.0
    # via -r requirements.txt
h11==0.12.0
    # via httpcore
hiredis==1.1.0
    # via aioredis
httpcore==0.12.0
    # via httpx
    # VULN: CVE-2021-41945 - httpcore < 0.15.0 has request smuggling
httpx==0.18.0
    # via -r requirements.txt
idna==2.10
    # via
    #   anyio
    #   requests
    #   rfc3986
    #   yarl
itsdangerous==1.1.0
    # via flask
    # VULN: CVE-2020-25032 - itsdangerous < 2.0 has timing attack
jinja2==2.10.1
    # via
    #   aiohttp-jinja2
    #   flask
    # VULN: CVE-2020-28493 - jinja2 < 2.11.3 has ReDoS, CVE-2019-10906 sandbox escape
lxml==4.6.0
    # via -r requirements.txt
markupsafe==1.1.1
    # via
    #   jinja2
    #   werkzeug
    # VULN: Older version
multidict==4.7.6
    # via
    #   aiohttp
    #   yarl
paramiko==2.7.0
    # via -r requirements.txt
pillow==8.0.0
    # via -r requirements.txt
propcache==0.4.1
    # via yarl
psycopg2==2.8.6
    # via aiopg
pycparser==2.20
    # via cffi
pynacl==1.4.0
    # via paramiko
    # VULN: Older version with potential issues
pyyaml==3.13
    # via
    #   -r requirements.txt
    #   trafaret-config
requests==2.25.0
    # via -r requirements.txt
rfc3986[idna2008]==1.4.0
    # via httpx
sniffio==1.2.0
    # via
    #   anyio
    #   httpcore
    #   httpx
trafaret==1.2.0
    # via
    #   -r requirements.txt
    #   trafaret-config
trafaret-config==2.0.2
    # via -r requirements.txt
urllib3==1.25.8
    # via requests
    # VULN: CVE-2020-26137 - urllib3 < 1.25.9 CRLF injection
    # VULN: CVE-2021-33503 - urllib3 < 1.26.5 ReDoS
werkzeug==1.0.0
    # via flask
    # VULN: CVE-2020-28724 - werkzeug < 1.0.1 open redirect
    # VULN: CVE-2023-25577 - werkzeug < 2.2.3 file disclosure
yarl==1.6.3
    # via aiohttp

# The following packages are considered to be unsafe in a requirements file:
setuptools==50.0.0
    # via setuptools-rust
    # VULN: CVE-2022-40897 - setuptools < 65.5.1 ReDoS
